
Microsoft Visual Studio Solution File, Format Version 12.00
# Visual Studio Version 17
VisualStudioVersion = 17.2.32630.192
MinimumVisualStudioVersion = 10.0.40219.1
Project("{9A19103F-16F7-4668-BE54-9A1E7A4F7556}") = "ShopOnline.Web", "ShopOnline.Web\ShopOnline.Web.csproj", "{413CF80D-10D6-4CF8-8CA9-31DAC1667781}"
EndProject
Project("{9A19103F-16F7-4668-BE54-9A1E7A4F7556}") = "ShopOnline.Api", "ShopOnline.Api\ShopOnline.Api.csproj", "{B33460CF-3AFC-4F20-8661-29D200B33C28}"
EndProject
Project("{9A19103F-16F7-4668-BE54-9A1E7A4F7556}") = "ShopOnline.Model", "ShopOnline.Model\ShopOnline.Model.csproj", "{90EDA4D4-02A4-4708-A97C-48FF25E9BA56}"
EndProject
Global
	GlobalSection(SolutionConfigurationPlatforms) = preSolution
		Debug|Any CPU = Debug|Any CPU
		Release|Any CPU = Release|Any CPU
	EndGlobalSection
	GlobalSection(ProjectConfigurationPlatforms) = postSolution
		{413CF80D-10D6-4CF8-8CA9-31DAC1667781}.Debug|Any CPU.ActiveCfg = Debug|Any CPU
		{413CF80D-10D6-4CF8-8CA9-31DAC1667781}.Debug|Any CPU.Build.0 = Debug|Any CPU
		{413CF80D-10D6-4CF8-8CA9-31DAC1667781}.Release|Any CPU.ActiveCfg = Release|Any CPU
		{413CF80D-10D6-4CF8-8CA9-31DAC1667781}.Release|Any CPU.Build.0 = Release|Any CPU
		{B33460CF-3AFC-4F20-8661-29D200B33C28}.Debug|Any CPU.ActiveCfg = Debug|Any CPU
		{B33460CF-3AFC-4F20-8661-29D200B33C28}.Debug|Any CPU.Build.0 = Debug|Any CPU
		{B33460CF-3AFC-4F20-8661-29D200B33C28}.Release|Any CPU.ActiveCfg = Release|Any CPU
		{B33460CF-3AFC-4F20-8661-29D200B33C28}.Release|Any CPU.Build.0 = Release|Any CPU
		{90EDA4D4-02A4-4708-A97C-48FF25E9BA56}.Debug|Any CPU.ActiveCfg = Debug|Any CPU
		{90EDA4D4-02A4-4708-A97C-48FF25E9BA56}.Debug|Any CPU.Build.0 = Debug|Any CPU
		{90EDA4D4-02A4-4708-A97C-48FF25E9BA56}.Release|Any CPU.ActiveCfg = Release|Any CPU
		{90EDA4D4-02A4-4708-A97C-48FF25E9BA56}.Release|Any CPU.Build.0 = Release|Any CPU
	EndGlobalSection
	GlobalSection(SolutionProperties) = preSolution
		HideSolutionNode = FALSE
	EndGlobalSection
	GlobalSection(ExtensibilityGlobals) = postSolution
		SolutionGuid = {1035E1F2-CC41-4F5F-8954-9992BD76FF0C}
	EndGlobalSection
EndGlobal
